
Microsoft Visual Studio Solution File, Format Version 12.00
# Visual Studio Version 16
VisualStudioVersion = 16.0.30804.86
MinimumVisualStudioVersion = 10.0.40219.1
Project("{FAE04EC0-301F-11D3-BF4B-00C04F79EFBC}") = "WebAPI", "WebAPI\WebAPI.csproj", "{C41226FE-FDD9-46B3-A3D6-F75FA369A107}"
EndProject
Global
	GlobalSection(SolutionConfigurationPlatforms) = preSolution
		Debug|Any CPU = Debug|Any CPU
		Release|Any CPU = Release|Any CPU
	EndGlobalSection
	GlobalSection(ProjectConfigurationPlatforms) = postSolution
		{C41226FE-FDD9-46B3-A3D6-F75FA369A107}.Debug|Any CPU.ActiveCfg = Debug|Any CPU
		{C41226FE-FDD9-46B3-A3D6-F75FA369A107}.Debug|Any CPU.Build.0 = Debug|Any CPU
		{C41226FE-FDD9-46B3-A3D6-F75FA369A107}.Release|Any CPU.ActiveCfg = Release|Any CPU
		{C41226FE-FDD9-46B3-A3D6-F75FA369A107}.Release|Any CPU.Build.0 = Release|Any CPU
	EndGlobalSection
	GlobalSection(SolutionProperties) = preSolution
		HideSolutionNode = FALSE
	EndGlobalSection
	GlobalSection(ExtensibilityGlobals) = postSolution
		SolutionGuid = {CEF1A4ED-475F-4E87-837D-15325484F81C}
	EndGlobalSection
EndGlobal
